{
  "originHash" : "f7d6378cf48786bde2558846a41e3d789be3a0be44ee5cbcaf34f4f4cce7623a",
  "pins" : [
    {
      "identity" : "kingfisher",
      "kind" : "remoteSourceControl",
      "location" : "https://github.com/onevcat/Kingfisher.git",
      "state" : {
        "revision" : "c0940e241945e6378c01fbd45fd3815579d47ef5",
        "version" : "8.1.0"
      }
    },
    {
      "identity" : "mockingbird",
      "kind" : "remoteSourceControl",
      "location" : "https://github.com/birdrides/mockingbird",
      "state" : {
        "revision" : "6e0d473df6b975719e145f6aebf90990c634700e",
        "version" : "0.20.0"
      }
    }
  ],
  "version" : 3
}
